
Microsoft Visual Studio Solution File, Format Version 12.00
# Visual Studio Version 16
VisualStudioVersion = 16.0.30717.126
MinimumVisualStudioVersion = 10.0.40219.1
Project("{9A19103F-16F7-4668-BE54-9A1E7A4F7556}") = "test.aconcagua.console", "test.aconcagua.console\test.aconcagua.console.csproj", "{D3CDE706-56A8-4259-A417-0D946A9ADDF6}"
EndProject
Global
	GlobalSection(SolutionConfigurationPlatforms) = preSolution
		Debug|Any CPU = Debug|Any CPU
		Release|Any CPU = Release|Any CPU
	EndGlobalSection
	GlobalSection(ProjectConfigurationPlatforms) = postSolution
		{D3CDE706-56A8-4259-A417-0D946A9ADDF6}.Debug|Any CPU.ActiveCfg = Debug|Any CPU
		{D3CDE706-56A8-4259-A417-0D946A9ADDF6}.Debug|Any CPU.Build.0 = Debug|Any CPU
		{D3CDE706-56A8-4259-A417-0D946A9ADDF6}.Release|Any CPU.ActiveCfg = Release|Any CPU
		{D3CDE706-56A8-4259-A417-0D946A9ADDF6}.Release|Any CPU.Build.0 = Release|Any CPU
	EndGlobalSection
	GlobalSection(SolutionProperties) = preSolution
		HideSolutionNode = FALSE
	EndGlobalSection
	GlobalSection(ExtensibilityGlobals) = postSolution
		SolutionGuid = {4946DD1C-4D35-4567-9281-2C658E3616BB}
	EndGlobalSection
EndGlobal
